
Microsoft Visual Studio Solution File, Format Version 12.00
Project("{FAE04EC0-301F-11D3-BF4B-00C04F79EFBC}") = "EFCore", "EFCore\EFCore.csproj", "{C45EC95D-C688-4EA7-A0FA-4F37F2053867}"
EndProject
Global
	GlobalSection(SolutionConfigurationPlatforms) = preSolution
		Debug|Any CPU = Debug|Any CPU
		Release|Any CPU = Release|Any CPU
	EndGlobalSection
	GlobalSection(ProjectConfigurationPlatforms) = postSolution
		{C45EC95D-C688-4EA7-A0FA-4F37F2053867}.Debug|Any CPU.ActiveCfg = Debug|Any CPU
		{C45EC95D-C688-4EA7-A0FA-4F37F2053867}.Debug|Any CPU.Build.0 = Debug|Any CPU
		{C45EC95D-C688-4EA7-A0FA-4F37F2053867}.Release|Any CPU.ActiveCfg = Release|Any CPU
		{C45EC95D-C688-4EA7-A0FA-4F37F2053867}.Release|Any CPU.Build.0 = Release|Any CPU
	EndGlobalSection
EndGlobal
