
Microsoft Visual Studio Solution File, Format Version 12.00
Project("{FAE04EC0-301F-11D3-BF4B-00C04F79EFBC}") = "LoggingDemo1", "LoggingDemo1\LoggingDemo1.csproj", "{BED6CB3F-4E84-49D4-B057-1B8885853F75}"
EndProject
Global
	GlobalSection(SolutionConfigurationPlatforms) = preSolution
		Debug|Any CPU = Debug|Any CPU
		Release|Any CPU = Release|Any CPU
	EndGlobalSection
	GlobalSection(ProjectConfigurationPlatforms) = postSolution
		{BED6CB3F-4E84-49D4-B057-1B8885853F75}.Debug|Any CPU.ActiveCfg = Debug|Any CPU
		{BED6CB3F-4E84-49D4-B057-1B8885853F75}.Debug|Any CPU.Build.0 = Debug|Any CPU
		{BED6CB3F-4E84-49D4-B057-1B8885853F75}.Release|Any CPU.ActiveCfg = Release|Any CPU
		{BED6CB3F-4E84-49D4-B057-1B8885853F75}.Release|Any CPU.Build.0 = Release|Any CPU
	EndGlobalSection
EndGlobal
